
Microsoft Visual Studio Solution File, Format Version 12.00
# Visual Studio Version 16
VisualStudioVersion = 25.0.1700.0
MinimumVisualStudioVersion = 10.0.40219.1
Project("{FAE04EC0-301F-11D3-BF4B-00C04F79EFBC}") = "NorthwindService", "NorthwindService\NorthwindService.csproj", "{327F5846-EE6A-49D2-9AC9-048F5A808D4D}"
EndProject
Global
	GlobalSection(SolutionConfigurationPlatforms) = preSolution
		Debug|Any CPU = Debug|Any CPU
		Release|Any CPU = Release|Any CPU
	EndGlobalSection
	GlobalSection(ProjectConfigurationPlatforms) = postSolution
		{327F5846-EE6A-49D2-9AC9-048F5A808D4D}.Debug|Any CPU.ActiveCfg = Debug|Any CPU
		{327F5846-EE6A-49D2-9AC9-048F5A808D4D}.Debug|Any CPU.Build.0 = Debug|Any CPU
		{327F5846-EE6A-49D2-9AC9-048F5A808D4D}.Release|Any CPU.ActiveCfg = Release|Any CPU
		{327F5846-EE6A-49D2-9AC9-048F5A808D4D}.Release|Any CPU.Build.0 = Release|Any CPU
	EndGlobalSection
	GlobalSection(SolutionProperties) = preSolution
		HideSolutionNode = FALSE
	EndGlobalSection
	GlobalSection(ExtensibilityGlobals) = postSolution
		SolutionGuid = {6E60AC55-20D0-42DC-83CB-EAC6B508A1DC}
	EndGlobalSection
EndGlobal
