
Microsoft Visual Studio Solution File, Format Version 12.00
# Visual Studio Version 16
VisualStudioVersion = 25.0.1700.0
MinimumVisualStudioVersion = 10.0.40219.1
Project("{FAE04EC0-301F-11D3-BF4B-00C04F79EFBC}") = "WorkingWithEfCore", "WorkingWithEfCore.csproj", "{1DBE85B6-19C2-4FAB-861F-76465C6D30CA}"
EndProject
Global
	GlobalSection(SolutionConfigurationPlatforms) = preSolution
		Debug|Any CPU = Debug|Any CPU
		Release|Any CPU = Release|Any CPU
	EndGlobalSection
	GlobalSection(ProjectConfigurationPlatforms) = postSolution
		{1DBE85B6-19C2-4FAB-861F-76465C6D30CA}.Debug|Any CPU.ActiveCfg = Debug|Any CPU
		{1DBE85B6-19C2-4FAB-861F-76465C6D30CA}.Debug|Any CPU.Build.0 = Debug|Any CPU
		{1DBE85B6-19C2-4FAB-861F-76465C6D30CA}.Release|Any CPU.ActiveCfg = Release|Any CPU
		{1DBE85B6-19C2-4FAB-861F-76465C6D30CA}.Release|Any CPU.Build.0 = Release|Any CPU
	EndGlobalSection
	GlobalSection(SolutionProperties) = preSolution
		HideSolutionNode = FALSE
	EndGlobalSection
	GlobalSection(ExtensibilityGlobals) = postSolution
		SolutionGuid = {10971892-5B85-4B74-A788-F2B2B4D5F6E3}
	EndGlobalSection
EndGlobal
